
Microsoft Visual Studio Solution File, Format Version 12.00
# Visual Studio 15
VisualStudioVersion = 15.0.27004.2010
MinimumVisualStudioVersion = 10.0.40219.1
Project("{FAE04EC0-301F-11D3-BF4B-00C04F79EFBC}") = "FootballApp", "FootballApp\FootballApp.csproj", "{E590B9FC-DE16-4639-AA07-0B195A3094F7}"
EndProject
Global
	GlobalSection(SolutionConfigurationPlatforms) = preSolution
		Debug|Any CPU = Debug|Any CPU
		Release|Any CPU = Release|Any CPU
	EndGlobalSection
	GlobalSection(ProjectConfigurationPlatforms) = postSolution
		{E590B9FC-DE16-4639-AA07-0B195A3094F7}.Debug|Any CPU.ActiveCfg = Debug|Any CPU
		{E590B9FC-DE16-4639-AA07-0B195A3094F7}.Debug|Any CPU.Build.0 = Debug|Any CPU
		{E590B9FC-DE16-4639-AA07-0B195A3094F7}.Release|Any CPU.ActiveCfg = Release|Any CPU
		{E590B9FC-DE16-4639-AA07-0B195A3094F7}.Release|Any CPU.Build.0 = Release|Any CPU
	EndGlobalSection
	GlobalSection(SolutionProperties) = preSolution
		HideSolutionNode = FALSE
	EndGlobalSection
	GlobalSection(ExtensibilityGlobals) = postSolution
		SolutionGuid = {C55970A8-2AA5-482E-87D5-43CA25FD86AC}
	EndGlobalSection
EndGlobal
